
Microsoft Visual Studio Solution File, Format Version 12.00
# Visual Studio Version 17
VisualStudioVersion = 17.14.36121.58
MinimumVisualStudioVersion = 10.0.40219.1
Project("{8BC9CEB8-8B4A-11D0-8D11-00A0C91BC942}") = "GateServer", "GateServer.vcxproj", "{B0D7F91A-8722-4BC1-80D1-1C8946E12BB6}"
EndProject
Project("{2150E333-8FDC-42A3-9474-1A3956D46DE8}") = "Solution Items", "Solution Items", "{02EA681E-C7D8-13C7-8484-4AC65E1B71E8}"
EndProject
Project("{8BC9CEB8-8B4A-11D0-8D11-00A0C91BC942}") = "ChatServer1", "..\ChatServer\ChatServer.vcxproj", "{7F622583-2C94-4033-B2D3-D4970F6C3B22}"
EndProject
Project("{8BC9CEB8-8B4A-11D0-8D11-00A0C91BC942}") = "StatusServer", "..\StatusServer\StatusServer.vcxproj", "{C311BF59-E7BC-4559-AEEB-07B716E4F2A9}"
EndProject
Project("{8BC9CEB8-8B4A-11D0-8D11-00A0C91BC942}") = "ChatServer2", "..\ChatServer2\ChatServer2.vcxproj", "{52184747-47E8-4409-AA17-0EEC267D9067}"
EndProject
Project("{2150E333-8FDC-42A3-9474-1A3956D46DE8}") = "解决方案项", "解决方案项", "{9FA3D6BD-1EC1-3BA5-80CB-CE02773A58D5}"
EndProject
Project("{8BC9CEB8-8B4A-11D0-8D11-00A0C91BC942}") = "UserServer", "..\UserServer\UserServer.vcxproj", "{ECB941D2-1980-45A2-9317-B4AA1EED0EFD}"
EndProject
Project("{8BC9CEB8-8B4A-11D0-8D11-00A0C91BC942}") = "FriendServer", "..\FriendServer\FriendServer.vcxproj", "{5C591105-3473-4396-903A-D5AE71EA0DFC}"
EndProject
Project("{8BC9CEB8-8B4A-11D0-8D11-00A0C91BC942}") = "MessageServer", "..\MessageServer\MessageServer.vcxproj", "{B1130D44-D850-416C-A7EF-AA621CACDBC6}"
EndProject
Global
	GlobalSection(SolutionConfigurationPlatforms) = preSolution
		Debug|x64 = Debug|x64
		Debug|x86 = Debug|x86
		Release|x64 = Release|x64
		Release|x86 = Release|x86
	EndGlobalSection
	GlobalSection(ProjectConfigurationPlatforms) = postSolution
		{B0D7F91A-8722-4BC1-80D1-1C8946E12BB6}.Debug|x64.ActiveCfg = Debug|x64
		{B0D7F91A-8722-4BC1-80D1-1C8946E12BB6}.Debug|x64.Build.0 = Debug|x64
		{B0D7F91A-8722-4BC1-80D1-1C8946E12BB6}.Debug|x86.ActiveCfg = Debug|Win32
		{B0D7F91A-8722-4BC1-80D1-1C8946E12BB6}.Debug|x86.Build.0 = Debug|Win32
		{B0D7F91A-8722-4BC1-80D1-1C8946E12BB6}.Release|x64.ActiveCfg = Release|x64
		{B0D7F91A-8722-4BC1-80D1-1C8946E12BB6}.Release|x64.Build.0 = Release|x64
		{B0D7F91A-8722-4BC1-80D1-1C8946E12BB6}.Release|x86.ActiveCfg = Release|Win32
		{B0D7F91A-8722-4BC1-80D1-1C8946E12BB6}.Release|x86.Build.0 = Release|Win32
		{7F622583-2C94-4033-B2D3-D4970F6C3B22}.Debug|x64.ActiveCfg = Debug|x64
		{7F622583-2C94-4033-B2D3-D4970F6C3B22}.Debug|x64.Build.0 = Debug|x64
		{7F622583-2C94-4033-B2D3-D4970F6C3B22}.Debug|x86.ActiveCfg = Debug|Win32
		{7F622583-2C94-4033-B2D3-D4970F6C3B22}.Debug|x86.Build.0 = Debug|Win32
		{7F622583-2C94-4033-B2D3-D4970F6C3B22}.Release|x64.ActiveCfg = Release|x64
		{7F622583-2C94-4033-B2D3-D4970F6C3B22}.Release|x64.Build.0 = Release|x64
		{7F622583-2C94-4033-B2D3-D4970F6C3B22}.Release|x86.ActiveCfg = Release|Win32
		{7F622583-2C94-4033-B2D3-D4970F6C3B22}.Release|x86.Build.0 = Release|Win32
		{C311BF59-E7BC-4559-AEEB-07B716E4F2A9}.Debug|x64.ActiveCfg = Debug|x64
		{C311BF59-E7BC-4559-AEEB-07B716E4F2A9}.Debug|x64.Build.0 = Debug|x64
		{C311BF59-E7BC-4559-AEEB-07B716E4F2A9}.Debug|x86.ActiveCfg = Debug|Win32
		{C311BF59-E7BC-4559-AEEB-07B716E4F2A9}.Debug|x86.Build.0 = Debug|Win32
		{C311BF59-E7BC-4559-AEEB-07B716E4F2A9}.Release|x64.ActiveCfg = Release|x64
		{C311BF59-E7BC-4559-AEEB-07B716E4F2A9}.Release|x64.Build.0 = Release|x64
		{C311BF59-E7BC-4559-AEEB-07B716E4F2A9}.Release|x86.ActiveCfg = Release|Win32
		{C311BF59-E7BC-4559-AEEB-07B716E4F2A9}.Release|x86.Build.0 = Release|Win32
		{52184747-47E8-4409-AA17-0EEC267D9067}.Debug|x64.ActiveCfg = Debug|x64
		{52184747-47E8-4409-AA17-0EEC267D9067}.Debug|x64.Build.0 = Debug|x64
		{52184747-47E8-4409-AA17-0EEC267D9067}.Debug|x86.ActiveCfg = Debug|Win32
		{52184747-47E8-4409-AA17-0EEC267D9067}.Debug|x86.Build.0 = Debug|Win32
		{52184747-47E8-4409-AA17-0EEC267D9067}.Release|x64.ActiveCfg = Release|x64
		{52184747-47E8-4409-AA17-0EEC267D9067}.Release|x64.Build.0 = Release|x64
		{52184747-47E8-4409-AA17-0EEC267D9067}.Release|x86.ActiveCfg = Release|Win32
		{52184747-47E8-4409-AA17-0EEC267D9067}.Release|x86.Build.0 = Release|Win32
		{ECB941D2-1980-45A2-9317-B4AA1EED0EFD}.Debug|x64.ActiveCfg = Debug|x64
		{ECB941D2-1980-45A2-9317-B4AA1EED0EFD}.Debug|x64.Build.0 = Debug|x64
		{ECB941D2-1980-45A2-9317-B4AA1EED0EFD}.Debug|x86.ActiveCfg = Debug|Win32
		{ECB941D2-1980-45A2-9317-B4AA1EED0EFD}.Debug|x86.Build.0 = Debug|Win32
		{ECB941D2-1980-45A2-9317-B4AA1EED0EFD}.Release|x64.ActiveCfg = Release|x64
		{ECB941D2-1980-45A2-9317-B4AA1EED0EFD}.Release|x64.Build.0 = Release|x64
		{ECB941D2-1980-45A2-9317-B4AA1EED0EFD}.Release|x86.ActiveCfg = Release|Win32
		{ECB941D2-1980-45A2-9317-B4AA1EED0EFD}.Release|x86.Build.0 = Release|Win32
		{5C591105-3473-4396-903A-D5AE71EA0DFC}.Debug|x64.ActiveCfg = Debug|x64
		{5C591105-3473-4396-903A-D5AE71EA0DFC}.Debug|x64.Build.0 = Debug|x64
		{5C591105-3473-4396-903A-D5AE71EA0DFC}.Debug|x86.ActiveCfg = Debug|Win32
		{5C591105-3473-4396-903A-D5AE71EA0DFC}.Debug|x86.Build.0 = Debug|Win32
		{5C591105-3473-4396-903A-D5AE71EA0DFC}.Release|x64.ActiveCfg = Release|x64
		{5C591105-3473-4396-903A-D5AE71EA0DFC}.Release|x64.Build.0 = Release|x64
		{5C591105-3473-4396-903A-D5AE71EA0DFC}.Release|x86.ActiveCfg = Release|Win32
		{5C591105-3473-4396-903A-D5AE71EA0DFC}.Release|x86.Build.0 = Release|Win32
		{B1130D44-D850-416C-A7EF-AA621CACDBC6}.Debug|x64.ActiveCfg = Debug|x64
		{B1130D44-D850-416C-A7EF-AA621CACDBC6}.Debug|x64.Build.0 = Debug|x64
		{B1130D44-D850-416C-A7EF-AA621CACDBC6}.Debug|x86.ActiveCfg = Debug|Win32
		{B1130D44-D850-416C-A7EF-AA621CACDBC6}.Debug|x86.Build.0 = Debug|Win32
		{B1130D44-D850-416C-A7EF-AA621CACDBC6}.Release|x64.ActiveCfg = Release|x64
		{B1130D44-D850-416C-A7EF-AA621CACDBC6}.Release|x64.Build.0 = Release|x64
		{B1130D44-D850-416C-A7EF-AA621CACDBC6}.Release|x86.ActiveCfg = Release|Win32
		{B1130D44-D850-416C-A7EF-AA621CACDBC6}.Release|x86.Build.0 = Release|Win32
	EndGlobalSection
	GlobalSection(SolutionProperties) = preSolution
		HideSolutionNode = FALSE
	EndGlobalSection
	GlobalSection(ExtensibilityGlobals) = postSolution
		SolutionGuid = {E50EB0EA-BB6C-48CB-9C93-6B85B3EB57ED}
	EndGlobalSection
EndGlobal
